{
  "name": "rustscript",
  "version": "0.0.1alpha",
  "lockfileVersion": 1,
  "requires": true,
  "dependencies": {
    "simplegrammar": {
      "version": "0.0.10",
      "resolved": "https://registry.npmjs.org/simplegrammar/-/simplegrammar-0.0.10.tgz",
      "integrity": "sha1-azE+lBTxP+mchmJa9x/TNJQovAc="
    }
  }
}
